
Microsoft Visual Studio Solution File, Format Version 12.00
# Visual Studio Version 17
VisualStudioVersion = 17.0.32112.339
MinimumVisualStudioVersion = 10.0.40219.1
Project("{8BC9CEB8-8B4A-11D0-8D11-00A0C91BC942}") = "bav_lab1_13_2sem", "bav_lab1_13_2sem.vcxproj", "{B4D2898A-F651-499F-A062-9B7E78F0C8F9}"
EndProject
Global
	GlobalSection(SolutionConfigurationPlatforms) = preSolution
		Debug|x64 = Debug|x64
		Debug|x86 = Debug|x86
		Release|x64 = Release|x64
		Release|x86 = Release|x86
	EndGlobalSection
	GlobalSection(ProjectConfigurationPlatforms) = postSolution
		{B4D2898A-F651-499F-A062-9B7E78F0C8F9}.Debug|x64.ActiveCfg = Debug|x64
		{B4D2898A-F651-499F-A062-9B7E78F0C8F9}.Debug|x64.Build.0 = Debug|x64
		{B4D2898A-F651-499F-A062-9B7E78F0C8F9}.Debug|x86.ActiveCfg = Debug|Win32
		{B4D2898A-F651-499F-A062-9B7E78F0C8F9}.Debug|x86.Build.0 = Debug|Win32
		{B4D2898A-F651-499F-A062-9B7E78F0C8F9}.Release|x64.ActiveCfg = Release|x64
		{B4D2898A-F651-499F-A062-9B7E78F0C8F9}.Release|x64.Build.0 = Release|x64
		{B4D2898A-F651-499F-A062-9B7E78F0C8F9}.Release|x86.ActiveCfg = Release|Win32
		{B4D2898A-F651-499F-A062-9B7E78F0C8F9}.Release|x86.Build.0 = Release|Win32
	EndGlobalSection
	GlobalSection(SolutionProperties) = preSolution
		HideSolutionNode = FALSE
	EndGlobalSection
	GlobalSection(ExtensibilityGlobals) = postSolution
		SolutionGuid = {D92BA13C-57D8-4435-A3EE-C0D81FD3F126}
	EndGlobalSection
EndGlobal
